// !$*UTF8*$!
{
	archiveVersion = 1;
	classes = {
	};
	objectVersion = 46;
	objects = {

/* Begin PBXBuildFile section */
		6F2D2B540DAD7681BEF44A15 /* Pods_Acaid.framework in Frameworks */ = {isa = PBXBuildFile; fileRef = 8F8ED5422149D1A07173A358 /* Pods_Acaid.framework */; };
		8468ECDFA1933C9E2F197A26 /* libPods-AcaidTests.a in Frameworks */ = {isa = PBXBuildFile; fileRef = 3B8A584023F138035FD81B25 /* libPods-AcaidTests.a */; };
		A9F64B267C9D1565D81395AC /* libPods-AcaidUITests.a in Frameworks */ = {isa = PBXBuildFile; fileRef = 39E4DE908D9CC628322D5F7F /* libPods-AcaidUITests.a */; };
		EF0F55EF1FCC6B5B0070260D /* User.swift in Sources */ = {isa = PBXBuildFile; fileRef = EF0F55EE1FCC6B5B0070260D /* User.swift */; };
		EF0F55F11FCC6B700070260D /* Session.swift in Sources */ = {isa = PBXBuildFile; fileRef = EF0F55F01FCC6B700070260D /* Session.swift */; };
		EF0F55F31FCD94360070260D /* SessionCell.swift in Sources */ = {isa = PBXBuildFile; fileRef = EF0F55F21FCD94360070260D /* SessionCell.swift */; };
		EF1EE42C1F8D006400F45A98 /* LoginViewController.swift in Sources */ = {isa = PBXBuildFile; fileRef = EF1EE42B1F8D006400F45A98 /* LoginViewController.swift */; };
		EF1EE42F1F8D00A700F45A98 /* RegisterViewController.swift in Sources */ = {isa = PBXBuildFile; fileRef = EF1EE42E1F8D00A700F45A98 /* RegisterViewController.swift */; };
		EF58DEA41FD5759000947DD6 /* BookMarketViewController.swift in Sources */ = {isa = PBXBuildFile; fileRef = EF58DEA31FD5759000947DD6 /* BookMarketViewController.swift */; };
		EF58DEA61FD575AE00947DD6 /* CalendarViewController.swift in Sources */ = {isa = PBXBuildFile; fileRef = EF58DEA51FD575AE00947DD6 /* CalendarViewController.swift */; };
		EF58DEA81FD586B000947DD6 /* CreateBookViewController.swift in Sources */ = {isa = PBXBuildFile; fileRef = EF58DEA71FD586B000947DD6 /* CreateBookViewController.swift */; };
		EF58DEAA1FD5962900947DD6 /* Book.swift in Sources */ = {isa = PBXBuildFile; fileRef = EF58DEA91FD5962900947DD6 /* Book.swift */; };
		EF58DEAD1FD59DA100947DD6 /* BookCell.swift in Sources */ = {isa = PBXBuildFile; fileRef = EF58DEAC1FD59DA100947DD6 /* BookCell.swift */; };
		EF661B2B1FCC590900FE4D19 /* CreateSessionViewController.swift in Sources */ = {isa = PBXBuildFile; fileRef = EF661B2A1FCC590900FE4D19 /* CreateSessionViewController.swift */; };
		EFA184561FD027D7006525D9 /* Tutor.swift in Sources */ = {isa = PBXBuildFile; fileRef = EFA184551FD027D7006525D9 /* Tutor.swift */; };
		EFB250BE1FB351C6002A8E5D /* FirstRegisterViewController.swift in Sources */ = {isa = PBXBuildFile; fileRef = EFB250BD1FB351C6002A8E5D /* FirstRegisterViewController.swift */; };
		EFE861301FA3672200111FD2 /* GoogleService-Info.plist in Resources */ = {isa = PBXBuildFile; fileRef = EFE8612F1FA3672200111FD2 /* GoogleService-Info.plist */; };
		EFE861321FA78BE100111FD2 /* TabBarController.swift in Sources */ = {isa = PBXBuildFile; fileRef = EFE861311FA78BE100111FD2 /* TabBarController.swift */; };
		EFE861361FAB2BC000111FD2 /* DBService.swift in Sources */ = {isa = PBXBuildFile; fileRef = EFE861351FAB2BC000111FD2 /* DBService.swift */; };
		EFE861381FAB59A100111FD2 /* ChatViewController.swift in Sources */ = {isa = PBXBuildFile; fileRef = EFE861371FAB59A100111FD2 /* ChatViewController.swift */; };
		EFE8613A1FAB59ED00111FD2 /* PersonalProfileViewController.swift in Sources */ = {isa = PBXBuildFile; fileRef = EFE861391FAB59ED00111FD2 /* PersonalProfileViewController.swift */; };
		EFE8613D1FAC7A0F00111FD2 /* PresentingViewController.swift in Sources */ = {isa = PBXBuildFile; fileRef = EFE8613C1FAC7A0F00111FD2 /* PresentingViewController.swift */; };
		EFFEE0731F8BBA0500D4294A /* AppDelegate.swift in Sources */ = {isa = PBXBuildFile; fileRef = EFFEE0721F8BBA0500D4294A /* AppDelegate.swift */; };
		EFFEE0751F8BBA0500D4294A /* ViewController.swift in Sources */ = {isa = PBXBuildFile; fileRef = EFFEE0741F8BBA0500D4294A /* ViewController.swift */; };
		EFFEE07A1F8BBA0500D4294A /* Assets.xcassets in Resources */ = {isa = PBXBuildFile; fileRef = EFFEE0791F8BBA0500D4294A /* Assets.xcassets */; };
		EFFEE07D1F8BBA0500D4294A /* LaunchScreen.storyboard in Resources */ = {isa = PBXBuildFile; fileRef = EFFEE07B1F8BBA0500D4294A /* LaunchScreen.storyboard */; };
		EFFEE0881F8BBA0500D4294A /* AcaidTests.swift in Sources */ = {isa = PBXBuildFile; fileRef = EFFEE0871F8BBA0500D4294A /* AcaidTests.swift */; };
		EFFEE0931F8BBA0500D4294A /* AcaidUITests.swift in Sources */ = {isa = PBXBuildFile; fileRef = EFFEE0921F8BBA0500D4294A /* AcaidUITests.swift */; };
/* End PBXBuildFile section */

/* Begin PBXContainerItemProxy section */
		EFFEE0841F8BBA0500D4294A /* PBXContainerItemProxy */ = {
			isa = PBXContainerItemProxy;
			containerPortal = EFFEE0671F8BBA0500D4294A /* Project object */;
			proxyType = 1;
			remoteGlobalIDString = EFFEE06E1F8BBA0500D4294A;
			remoteInfo = Acaid;
		};
		EFFEE08F1F8BBA0500D4294A /* PBXContainerItemProxy */ = {
			isa = PBXContainerItemProxy;
			containerPortal = EFFEE0671F8BBA0500D4294A /* Project object */;
			proxyType = 1;
			remoteGlobalIDString = EFFEE06E1F8BBA0500D4294A;
			remoteInfo = Acaid;
		};
/* End PBXContainerItemProxy section */

/* Begin PBXFileReference section */
		2859C26B1D9FA6CAD1688329 /* Pods-Acaid.debug.xcconfig */ = {isa = PBXFileReference; includeInIndex = 1; lastKnownFileType = text.xcconfig; name = "Pods-Acaid.debug.xcconfig"; path = "Pods/Target Support Files/Pods-Acaid/Pods-Acaid.debug.xcconfig"; sourceTree = "<group>"; };
		39E4DE908D9CC628322D5F7F /* libPods-AcaidUITests.a */ = {isa = PBXFileReference; explicitFileType = archive.ar; includeInIndex = 0; path = "libPods-AcaidUITests.a"; sourceTree = BUILT_PRODUCTS_DIR; };
		3B8A584023F138035FD81B25 /* libPods-AcaidTests.a */ = {isa = PBXFileReference; explicitFileType = archive.ar; includeInIndex = 0; path = "libPods-AcaidTests.a"; sourceTree = BUILT_PRODUCTS_DIR; };
		7DF66AEB490380DA345EFD42 /* Pods-AcaidTests.release.xcconfig */ = {isa = PBXFileReference; includeInIndex = 1; lastKnownFileType = text.xcconfig; name = "Pods-AcaidTests.release.xcconfig"; path = "Pods/Target Support Files/Pods-AcaidTests/Pods-AcaidTests.release.xcconfig"; sourceTree = "<group>"; };
		8F8ED5422149D1A07173A358 /* Pods_Acaid.framework */ = {isa = PBXFileReference; explicitFileType = wrapper.framework; includeInIndex = 0; path = Pods_Acaid.framework; sourceTree = BUILT_PRODUCTS_DIR; };
		CB9C604303DDE3DD89062845 /* Pods-AcaidUITests.release.xcconfig */ = {isa = PBXFileReference; includeInIndex = 1; lastKnownFileType = text.xcconfig; name = "Pods-AcaidUITests.release.xcconfig"; path = "Pods/Target Support Files/Pods-AcaidUITests/Pods-AcaidUITests.release.xcconfig"; sourceTree = "<group>"; };
		EB713C5A00F8B958BE8E8BFE /* Pods-AcaidUITests.debug.xcconfig */ = {isa = PBXFileReference; includeInIndex = 1; lastKnownFileType = text.xcconfig; name = "Pods-AcaidUITests.debug.xcconfig"; path = "Pods/Target Support Files/Pods-AcaidUITests/Pods-AcaidUITests.debug.xcconfig"; sourceTree = "<group>"; };
		EF0F55EE1FCC6B5B0070260D /* User.swift */ = {isa = PBXFileReference; fileEncoding = 4; lastKnownFileType = sourcecode.swift; path = User.swift; sourceTree = "<group>"; };
		EF0F55F01FCC6B700070260D /* Session.swift */ = {isa = PBXFileReference; fileEncoding = 4; lastKnownFileType = sourcecode.swift; path = Session.swift; sourceTree = "<group>"; };
		EF0F55F21FCD94360070260D /* SessionCell.swift */ = {isa = PBXFileReference; fileEncoding = 4; lastKnownFileType = sourcecode.swift; path = SessionCell.swift; sourceTree = "<group>"; };
		EF1EE42B1F8D006400F45A98 /* LoginViewController.swift */ = {isa = PBXFileReference; fileEncoding = 4; lastKnownFileType = sourcecode.swift; path = LoginViewController.swift; sourceTree = "<group>"; };
		EF1EE42E1F8D00A700F45A98 /* RegisterViewController.swift */ = {isa = PBXFileReference; fileEncoding = 4; lastKnownFileType = sourcecode.swift; path = RegisterViewController.swift; sourceTree = "<group>"; };
		EF58DEA31FD5759000947DD6 /* BookMarketViewController.swift */ = {isa = PBXFileReference; fileEncoding = 4; lastKnownFileType = sourcecode.swift; path = BookMarketViewController.swift; sourceTree = "<group>"; };
		EF58DEA51FD575AE00947DD6 /* CalendarViewController.swift */ = {isa = PBXFileReference; fileEncoding = 4; lastKnownFileType = sourcecode.swift; path = CalendarViewController.swift; sourceTree = "<group>"; };
		EF58DEA71FD586B000947DD6 /* CreateBookViewController.swift */ = {isa = PBXFileReference; fileEncoding = 4; lastKnownFileType = sourcecode.swift; path = CreateBookViewController.swift; sourceTree = "<group>"; };
		EF58DEA91FD5962900947DD6 /* Book.swift */ = {isa = PBXFileReference; fileEncoding = 4; lastKnownFileType = sourcecode.swift; path = Book.swift; sourceTree = "<group>"; };
		EF58DEAC1FD59DA100947DD6 /* BookCell.swift */ = {isa = PBXFileReference; fileEncoding = 4; lastKnownFileType = sourcecode.swift; path = BookCell.swift; sourceTree = "<group>"; };
		EF661B2A1FCC590900FE4D19 /* CreateSessionViewController.swift */ = {isa = PBXFileReference; fileEncoding = 4; lastKnownFileType = sourcecode.swift; path = CreateSessionViewController.swift; sourceTree = "<group>"; };
		EFA184551FD027D7006525D9 /* Tutor.swift */ = {isa = PBXFileReference; fileEncoding = 4; lastKnownFileType = sourcecode.swift; path = Tutor.swift; sourceTree = "<group>"; };
		EFB250BD1FB351C6002A8E5D /* FirstRegisterViewController.swift */ = {isa = PBXFileReference; fileEncoding = 4; lastKnownFileType = sourcecode.swift; path = FirstRegisterViewController.swift; sourceTree = "<group>"; };
		EFE8612F1FA3672200111FD2 /* GoogleService-Info.plist */ = {isa = PBXFileReference; fileEncoding = 4; lastKnownFileType = text.plist.xml; path = "GoogleService-Info.plist"; sourceTree = "<group>"; };
		EFE861311FA78BE100111FD2 /* TabBarController.swift */ = {isa = PBXFileReference; fileEncoding = 4; lastKnownFileType = sourcecode.swift; path = TabBarController.swift; sourceTree = "<group>"; };
		EFE861351FAB2BC000111FD2 /* DBService.swift */ = {isa = PBXFileReference; fileEncoding = 4; lastKnownFileType = sourcecode.swift; path = DBService.swift; sourceTree = "<group>"; };
		EFE861371FAB59A100111FD2 /* ChatViewController.swift */ = {isa = PBXFileReference; fileEncoding = 4; lastKnownFileType = sourcecode.swift; path = ChatViewController.swift; sourceTree = "<group>"; };
		EFE861391FAB59ED00111FD2 /* PersonalProfileViewController.swift */ = {isa = PBXFileReference; fileEncoding = 4; lastKnownFileType = sourcecode.swift; path = PersonalProfileViewController.swift; sourceTree = "<group>"; };
		EFE8613C1FAC7A0F00111FD2 /* PresentingViewController.swift */ = {isa = PBXFileReference; fileEncoding = 4; lastKnownFileType = sourcecode.swift; path = PresentingViewController.swift; sourceTree = "<group>"; };
		EFFEE06F1F8BBA0500D4294A /* Acaid.app */ = {isa = PBXFileReference; explicitFileType = wrapper.application; includeInIndex = 0; path = Acaid.app; sourceTree = BUILT_PRODUCTS_DIR; };
		EFFEE0721F8BBA0500D4294A /* AppDelegate.swift */ = {isa = PBXFileReference; lastKnownFileType = sourcecode.swift; path = AppDelegate.swift; sourceTree = "<group>"; };
		EFFEE0741F8BBA0500D4294A /* ViewController.swift */ = {isa = PBXFileReference; lastKnownFileType = sourcecode.swift; path = ViewController.swift; sourceTree = "<group>"; };
		EFFEE0791F8BBA0500D4294A /* Assets.xcassets */ = {isa = PBXFileReference; lastKnownFileType = folder.assetcatalog; path = Assets.xcassets; sourceTree = "<group>"; };
		EFFEE07C1F8BBA0500D4294A /* Base */ = {isa = PBXFileReference; lastKnownFileType = file.storyboard; name = Base; path = Base.lproj/LaunchScreen.storyboard; sourceTree = "<group>"; };
		EFFEE07E1F8BBA0500D4294A /* Info.plist */ = {isa = PBXFileReference; lastKnownFileType = text.plist.xml; path = Info.plist; sourceTree = "<group>"; };
		EFFEE0831F8BBA0500D4294A /* AcaidTests.xctest */ = {isa = PBXFileReference; explicitFileType = wrapper.cfbundle; includeInIndex = 0; path = AcaidTests.xctest; sourceTree = BUILT_PRODUCTS_DIR; };
		EFFEE0871F8BBA0500D4294A /* AcaidTests.swift */ = {isa = PBXFileReference; lastKnownFileType = sourcecode.swift; path = AcaidTests.swift; sourceTree = "<group>"; };
		EFFEE0891F8BBA0500D4294A /* Info.plist */ = {isa = PBXFileReference; lastKnownFileType = text.plist.xml; path = Info.plist; sourceTree = "<group>"; };
		EFFEE08E1F8BBA0500D4294A /* AcaidUITests.xctest */ = {isa = PBXFileReference; explicitFileType = wrapper.cfbundle; includeInIndex = 0; path = AcaidUITests.xctest; sourceTree = BUILT_PRODUCTS_DIR; };
		EFFEE0921F8BBA0500D4294A /* AcaidUITests.swift */ = {isa = PBXFileReference; lastKnownFileType = sourcecode.swift; path = AcaidUITests.swift; sourceTree = "<group>"; };
		EFFEE0941F8BBA0500D4294A /* Info.plist */ = {isa = PBXFileReference; lastKnownFileType = text.plist.xml; path = Info.plist; sourceTree = "<group>"; };
		F9C22B17B1D287999392C931 /* Pods-AcaidTests.debug.xcconfig */ = {isa = PBXFileReference; includeInIndex = 1; lastKnownFileType = text.xcconfig; name = "Pods-AcaidTests.debug.xcconfig"; path = "Pods/Target Support Files/Pods-AcaidTests/Pods-AcaidTests.debug.xcconfig"; sourceTree = "<group>"; };
		FFB0911F24355AC0359E0797 /* Pods-Acaid.release.xcconfig */ = {isa = PBXFileReference; includeInIndex = 1; lastKnownFileType = text.xcconfig; name = "Pods-Acaid.release.xcconfig"; path = "Pods/Target Support Files/Pods-Acaid/Pods-Acaid.release.xcconfig"; sourceTree = "<group>"; };
/* End PBXFileReference section */

/* Begin PBXFrameworksBuildPhase section */
		EFFEE06C1F8BBA0500D4294A /* Frameworks */ = {
			isa = PBXFrameworksBuildPhase;
			buildActionMask = 2147483647;
			files = (
				6F2D2B540DAD7681BEF44A15 /* Pods_Acaid.framework in Frameworks */,
			);
			runOnlyForDeploymentPostprocessing = 0;
		};
		EFFEE0801F8BBA0500D4294A /* Frameworks */ = {
			isa = PBXFrameworksBuildPhase;
			buildActionMask = 2147483647;
			files = (
				8468ECDFA1933C9E2F197A26 /* libPods-AcaidTests.a in Frameworks */,
			);
			runOnlyForDeploymentPostprocessing = 0;
		};
		EFFEE08B1F8BBA0500D4294A /* Frameworks */ = {
			isa = PBXFrameworksBuildPhase;
			buildActionMask = 2147483647;
			files = (
				A9F64B267C9D1565D81395AC /* libPods-AcaidUITests.a in Frameworks */,
			);
			runOnlyForDeploymentPostprocessing = 0;
		};
/* End PBXFrameworksBuildPhase section */

/* Begin PBXGroup section */
		4B3C43DF87B666EAA66EB6C3 /* Frameworks */ = {
			isa = PBXGroup;
			children = (
				8F8ED5422149D1A07173A358 /* Pods_Acaid.framework */,
				3B8A584023F138035FD81B25 /* libPods-AcaidTests.a */,
				39E4DE908D9CC628322D5F7F /* libPods-AcaidUITests.a */,
			);
			name = Frameworks;
			sourceTree = "<group>";
		};
		529D3E58741AA86A9D7C6A11 /* Pods */ = {
			isa = PBXGroup;
			children = (
				2859C26B1D9FA6CAD1688329 /* Pods-Acaid.debug.xcconfig */,
				FFB0911F24355AC0359E0797 /* Pods-Acaid.release.xcconfig */,
				F9C22B17B1D287999392C931 /* Pods-AcaidTests.debug.xcconfig */,
				7DF66AEB490380DA345EFD42 /* Pods-AcaidTests.release.xcconfig */,
				EB713C5A00F8B958BE8E8BFE /* Pods-AcaidUITests.debug.xcconfig */,
				CB9C604303DDE3DD89062845 /* Pods-AcaidUITests.release.xcconfig */,
			);
			name = Pods;
			sourceTree = "<group>";
		};
		EF1EE42D1F8D006900F45A98 /* Controllers */ = {
			isa = PBXGroup;
			children = (
				EF1EE42B1F8D006400F45A98 /* LoginViewController.swift */,
				EF58DEA31FD5759000947DD6 /* BookMarketViewController.swift */,
				EF58DEA71FD586B000947DD6 /* CreateBookViewController.swift */,
				EF58DEA51FD575AE00947DD6 /* CalendarViewController.swift */,
				EFE861371FAB59A100111FD2 /* ChatViewController.swift */,
				EFFEE0741F8BBA0500D4294A /* ViewController.swift */,
				EF661B2A1FCC590900FE4D19 /* CreateSessionViewController.swift */,
				EFE861391FAB59ED00111FD2 /* PersonalProfileViewController.swift */,
				EFE861311FA78BE100111FD2 /* TabBarController.swift */,
				EFE8613C1FAC7A0F00111FD2 /* PresentingViewController.swift */,
				EF1EE42E1F8D00A700F45A98 /* RegisterViewController.swift */,
				EFB250BD1FB351C6002A8E5D /* FirstRegisterViewController.swift */,
			);
			name = Controllers;
			sourceTree = "<group>";
		};
		EF1EE4321F8D00FD00F45A98 /* models */ = {
			isa = PBXGroup;
			children = (
				EFA184551FD027D7006525D9 /* Tutor.swift */,
				EF0F55EE1FCC6B5B0070260D /* User.swift */,
				EF0F55F01FCC6B700070260D /* Session.swift */,
				EFE861351FAB2BC000111FD2 /* DBService.swift */,
				EF58DEA91FD5962900947DD6 /* Book.swift */,
			);
			name = models;
			sourceTree = "<group>";
		};
		EF58DEAB1FD5984E00947DD6 /* Cells */ = {
			isa = PBXGroup;
			children = (
				EF58DEAC1FD59DA100947DD6 /* BookCell.swift */,
				EF0F55F21FCD94360070260D /* SessionCell.swift */,
			);
			name = Cells;
			sourceTree = "<group>";
		};
		EFFEE0661F8BBA0500D4294A = {
			isa = PBXGroup;
			children = (
				EFFEE0711F8BBA0500D4294A /* Acaid */,
				EFFEE0861F8BBA0500D4294A /* AcaidTests */,
				EFFEE0911F8BBA0500D4294A /* AcaidUITests */,
				EFFEE0701F8BBA0500D4294A /* Products */,
				529D3E58741AA86A9D7C6A11 /* Pods */,
				4B3C43DF87B666EAA66EB6C3 /* Frameworks */,
			);
			sourceTree = "<group>";
		};
		EFFEE0701F8BBA0500D4294A /* Products */ = {
			isa = PBXGroup;
			children = (
				EFFEE06F1F8BBA0500D4294A /* Acaid.app */,
				EFFEE0831F8BBA0500D4294A /* AcaidTests.xctest */,
				EFFEE08E1F8BBA0500D4294A /* AcaidUITests.xctest */,
			);
			name = Products;
			sourceTree = "<group>";
		};
		EFFEE0711F8BBA0500D4294A /* Acaid */ = {
			isa = PBXGroup;
			children = (
				EF58DEAB1FD5984E00947DD6 /* Cells */,
				EF1EE4321F8D00FD00F45A98 /* models */,
				EF1EE42D1F8D006900F45A98 /* Controllers */,
				EFFEE0721F8BBA0500D4294A /* AppDelegate.swift */,
				EFFEE0791F8BBA0500D4294A /* Assets.xcassets */,
				EFFEE07B1F8BBA0500D4294A /* LaunchScreen.storyboard */,
				EFFEE07E1F8BBA0500D4294A /* Info.plist */,
				EFE8612F1FA3672200111FD2 /* GoogleService-Info.plist */,
			);
			path = Acaid;
			sourceTree = "<group>";
		};
		EFFEE0861F8BBA0500D4294A /* AcaidTests */ = {
			isa = PBXGroup;
			children = (
				EFFEE0871F8BBA0500D4294A /* AcaidTests.swift */,
				EFFEE0891F8BBA0500D4294A /* Info.plist */,
			);
			path = AcaidTests;
			sourceTree = "<group>";
		};
		EFFEE0911F8BBA0500D4294A /* AcaidUITests */ = {
			isa = PBXGroup;
			children = (
				EFFEE0921F8BBA0500D4294A /* AcaidUITests.swift */,
				EFFEE0941F8BBA0500D4294A /* Info.plist */,
			);
			path = AcaidUITests;
			sourceTree = "<group>";
		};
/* End PBXGroup section */

/* Begin PBXNativeTarget section */
		EFFEE06E1F8BBA0500D4294A /* Acaid */ = {
			isa = PBXNativeTarget;
			buildConfigurationList = EFFEE0971F8BBA0500D4294A /* Build configuration list for PBXNativeTarget "Acaid" */;
			buildPhases = (
				E7F49298DC467821B86EEF85 /* [CP] Check Pods Manifest.lock */,
				EFFEE06B1F8BBA0500D4294A /* Sources */,
				EFFEE06C1F8BBA0500D4294A /* Frameworks */,
				EFFEE06D1F8BBA0500D4294A /* Resources */,
				9CD9029393DFDBB3C692337F /* [CP] Embed Pods Frameworks */,
				90E0B89EBB824766EF83A322 /* [CP] Copy Pods Resources */,
			);
			buildRules = (
			);
			dependencies = (
			);
			name = Acaid;
			productName = Acaid;
			productReference = EFFEE06F1F8BBA0500D4294A /* Acaid.app */;
			productType = "com.apple.product-type.application";
		};
		EFFEE0821F8BBA0500D4294A /* AcaidTests */ = {
			isa = PBXNativeTarget;
			buildConfigurationList = EFFEE09A1F8BBA0500D4294A /* Build configuration list for PBXNativeTarget "AcaidTests" */;
			buildPhases = (
				5B15FB8F3D28F5EF382A53C4 /* [CP] Check Pods Manifest.lock */,
				EFFEE07F1F8BBA0500D4294A /* Sources */,
				EFFEE0801F8BBA0500D4294A /* Frameworks */,
				EFFEE0811F8BBA0500D4294A /* Resources */,
				5364EF280B01D2D730074A63 /* [CP] Embed Pods Frameworks */,
				DC0F708102BC58689B1C5554 /* [CP] Copy Pods Resources */,
			);
			buildRules = (
			);
			dependencies = (
				EFFEE0851F8BBA0500D4294A /* PBXTargetDependency */,
			);
			name = AcaidTests;
			productName = AcaidTests;
			productReference = EFFEE0831F8BBA0500D4294A /* AcaidTests.xctest */;
			productType = "com.apple.product-type.bundle.unit-test";
		};
		EFFEE08D1F8BBA0500D4294A /* AcaidUITests */ = {
			isa = PBXNativeTarget;
			buildConfigurationList = EFFEE09D1F8BBA0500D4294A /* Build configuration list for PBXNativeTarget "AcaidUITests" */;
			buildPhases = (
				61C21BA75702FABF94459FD2 /* [CP] Check Pods Manifest.lock */,
				EFFEE08A1F8BBA0500D4294A /* Sources */,
				EFFEE08B1F8BBA0500D4294A /* Frameworks */,
				EFFEE08C1F8BBA0500D4294A /* Resources */,
				9E0950549ADA9AC99CD2D482 /* [CP] Embed Pods Frameworks */,
				ECF62BCE2F27FE3C1542D641 /* [CP] Copy Pods Resources */,
			);
			buildRules = (
			);
			dependencies = (
				EFFEE0901F8BBA0500D4294A /* PBXTargetDependency */,
			);
			name = AcaidUITests;
			productName = AcaidUITests;
			productReference = EFFEE08E1F8BBA0500D4294A /* AcaidUITests.xctest */;
			productType = "com.apple.product-type.bundle.ui-testing";
		};
/* End PBXNativeTarget section */

/* Begin PBXProject section */
		EFFEE0671F8BBA0500D4294A /* Project object */ = {
			isa = PBXProject;
			attributes = {
				LastSwiftUpdateCheck = 0830;
				LastUpgradeCheck = 0830;
				ORGANIZATIONNAME = Acaid;
				TargetAttributes = {
					EFFEE06E1F8BBA0500D4294A = {
						CreatedOnToolsVersion = 8.3.3;
						ProvisioningStyle = Automatic;
					};
					EFFEE0821F8BBA0500D4294A = {
						CreatedOnToolsVersion = 8.3.3;
						ProvisioningStyle = Automatic;
						TestTargetID = EFFEE06E1F8BBA0500D4294A;
					};
					EFFEE08D1F8BBA0500D4294A = {
						CreatedOnToolsVersion = 8.3.3;
						ProvisioningStyle = Automatic;
						TestTargetID = EFFEE06E1F8BBA0500D4294A;
					};
				};
			};
			buildConfigurationList = EFFEE06A1F8BBA0500D4294A /* Build configuration list for PBXProject "Acaid" */;
			compatibilityVersion = "Xcode 3.2";
			developmentRegion = English;
			hasScannedForEncodings = 0;
			knownRegions = (
				en,
				Base,
			);
			mainGroup = EFFEE0661F8BBA0500D4294A;
			productRefGroup = EFFEE0701F8BBA0500D4294A /* Products */;
			projectDirPath = "";
			projectRoot = "";
			targets = (
				EFFEE06E1F8BBA0500D4294A /* Acaid */,
				EFFEE0821F8BBA0500D4294A /* AcaidTests */,
				EFFEE08D1F8BBA0500D4294A /* AcaidUITests */,
			);
		};
/* End PBXProject section */

/* Begin PBXResourcesBuildPhase section */
		EFFEE06D1F8BBA0500D4294A /* Resources */ = {
			isa = PBXResourcesBuildPhase;
			buildActionMask = 2147483647;
			files = (
				EFFEE07D1F8BBA0500D4294A /* LaunchScreen.storyboard in Resources */,
				EFE861301FA3672200111FD2 /* GoogleService-Info.plist in Resources */,
				EFFEE07A1F8BBA0500D4294A /* Assets.xcassets in Resources */,
			);
			runOnlyForDeploymentPostprocessing = 0;
		};
		EFFEE0811F8BBA0500D4294A /* Resources */ = {
			isa = PBXResourcesBuildPhase;
			buildActionMask = 2147483647;
			files = (
			);
			runOnlyForDeploymentPostprocessing = 0;
		};
		EFFEE08C1F8BBA0500D4294A /* Resources */ = {
			isa = PBXResourcesBuildPhase;
			buildActionMask = 2147483647;
			files = (
			);
			runOnlyForDeploymentPostprocessing = 0;
		};
/* End PBXResourcesBuildPhase section */

/* Begin PBXShellScriptBuildPhase section */
		5364EF280B01D2D730074A63 /* [CP] Embed Pods Frameworks */ = {
			isa = PBXShellScriptBuildPhase;
			buildActionMask = 2147483647;
			files = (
			);
			inputPaths = (
			);
			name = "[CP] Embed Pods Frameworks";
			outputPaths = (
			);
			runOnlyForDeploymentPostprocessing = 0;
			shellPath = /bin/sh;
			shellScript = "\"${SRCROOT}/Pods/Target Support Files/Pods-AcaidTests/Pods-AcaidTests-frameworks.sh\"\n";
			showEnvVarsInLog = 0;
		};
		5B15FB8F3D28F5EF382A53C4 /* [CP] Check Pods Manifest.lock */ = {
			isa = PBXShellScriptBuildPhase;
			buildActionMask = 2147483647;
			files = (
			);
			inputPaths = (
				"${PODS_PODFILE_DIR_PATH}/Podfile.lock",
				"${PODS_ROOT}/Manifest.lock",
			);
			name = "[CP] Check Pods Manifest.lock";
			outputPaths = (
				"$(DERIVED_FILE_DIR)/Pods-AcaidTests-checkManifestLockResult.txt",
			);
			runOnlyForDeploymentPostprocessing = 0;
			shellPath = /bin/sh;
			shellScript = "diff \"${PODS_PODFILE_DIR_PATH}/Podfile.lock\" \"${PODS_ROOT}/Manifest.lock\" > /dev/null\nif [ $? != 0 ] ; then\n    # print error to STDERR\n    echo \"error: The sandbox is not in sync with the Podfile.lock. Run 'pod install' or update your CocoaPods installation.\" >&2\n    exit 1\nfi\n# This output is used by Xcode 'outputs' to avoid re-running this script phase.\necho \"SUCCESS\" > \"${SCRIPT_OUTPUT_FILE_0}\"\n";
			showEnvVarsInLog = 0;
		};
		61C21BA75702FABF94459FD2 /* [CP] Check Pods Manifest.lock */ = {
			isa = PBXShellScriptBuildPhase;
			buildActionMask = 2147483647;
			files = (
			);
			inputPaths = (
				"${PODS_PODFILE_DIR_PATH}/Podfile.lock",
				"${PODS_ROOT}/Manifest.lock",
			);
			name = "[CP] Check Pods Manifest.lock";
			outputPaths = (
				"$(DERIVED_FILE_DIR)/Pods-AcaidUITests-checkManifestLockResult.txt",
			);
			runOnlyForDeploymentPostprocessing = 0;
			shellPath = /bin/sh;
			shellScript = "diff \"${PODS_PODFILE_DIR_PATH}/Podfile.lock\" \"${PODS_ROOT}/Manifest.lock\" > /dev/null\nif [ $? != 0 ] ; then\n    # print error to STDERR\n    echo \"error: The sandbox is not in sync with the Podfile.lock. Run 'pod install' or update your CocoaPods installation.\" >&2\n    exit 1\nfi\n# This output is used by Xcode 'outputs' to avoid re-running this script phase.\necho \"SUCCESS\" > \"${SCRIPT_OUTPUT_FILE_0}\"\n";
			showEnvVarsInLog = 0;
		};
		90E0B89EBB824766EF83A322 /* [CP] Copy Pods Resources */ = {
			isa = PBXShellScriptBuildPhase;
			buildActionMask = 2147483647;
			files = (
			);
			inputPaths = (
			);
			name = "[CP] Copy Pods Resources";
			outputPaths = (
			);
			runOnlyForDeploymentPostprocessing = 0;
			shellPath = /bin/sh;
			shellScript = "\"${SRCROOT}/Pods/Target Support Files/Pods-Acaid/Pods-Acaid-resources.sh\"\n";
			showEnvVarsInLog = 0;
		};
		9CD9029393DFDBB3C692337F /* [CP] Embed Pods Frameworks */ = {
			isa = PBXShellScriptBuildPhase;
			buildActionMask = 2147483647;
			files = (
			);
			inputPaths = (
				"${SRCROOT}/Pods/Target Support Files/Pods-Acaid/Pods-Acaid-frameworks.sh",
				"${BUILT_PRODUCTS_DIR}/GTMSessionFetcher/GTMSessionFetcher.framework",
				"${BUILT_PRODUCTS_DIR}/GoogleToolboxForMac/GoogleToolboxForMac.framework",
				"${BUILT_PRODUCTS_DIR}/leveldb-library/leveldb.framework",
				"${BUILT_PRODUCTS_DIR}/nanopb/nanopb.framework",
			);
			name = "[CP] Embed Pods Frameworks";
			outputPaths = (
				"${TARGET_BUILD_DIR}/${FRAMEWORKS_FOLDER_PATH}/GTMSessionFetcher.framework",
				"${TARGET_BUILD_DIR}/${FRAMEWORKS_FOLDER_PATH}/GoogleToolboxForMac.framework",
				"${TARGET_BUILD_DIR}/${FRAMEWORKS_FOLDER_PATH}/leveldb.framework",
				"${TARGET_BUILD_DIR}/${FRAMEWORKS_FOLDER_PATH}/nanopb.framework",
			);
			runOnlyForDeploymentPostprocessing = 0;
			shellPath = /bin/sh;
			shellScript = "\"${SRCROOT}/Pods/Target Support Files/Pods-Acaid/Pods-Acaid-frameworks.sh\"\n";
			showEnvVarsInLog = 0;
		};
		9E0950549ADA9AC99CD2D482 /* [CP] Embed Pods Frameworks */ = {
			isa = PBXShellScriptBuildPhase;
			buildActionMask = 2147483647;
			files = (
			);
			inputPaths = (
			);
			name = "[CP] Embed Pods Frameworks";
			outputPaths = (
			);
			runOnlyForDeploymentPostprocessing = 0;
			shellPath = /bin/sh;
			shellScript = "\"${SRCROOT}/Pods/Target Support Files/Pods-AcaidUITests/Pods-AcaidUITests-frameworks.sh\"\n";
			showEnvVarsInLog = 0;
		};
		DC0F708102BC58689B1C5554 /* [CP] Copy Pods Resources */ = {
			isa = PBXShellScriptBuildPhase;
			buildActionMask = 2147483647;
			files = (
			);
			inputPaths = (
			);
			name = "[CP] Copy Pods Resources";
			outputPaths = (
			);
			runOnlyForDeploymentPostprocessing = 0;
			shellPath = /bin/sh;
			shellScript = "\"${SRCROOT}/Pods/Target Support Files/Pods-AcaidTests/Pods-AcaidTests-resources.sh\"\n";
			showEnvVarsInLog = 0;
		};
		E7F49298DC467821B86EEF85 /* [CP] Check Pods Manifest.lock */ = {
			isa = PBXShellScriptBuildPhase;
			buildActionMask = 2147483647;
			files = (
			);
			inputPaths = (
				"${PODS_PODFILE_DIR_PATH}/Podfile.lock",
				"${PODS_ROOT}/Manifest.lock",
			);
			name = "[CP] Check Pods Manifest.lock";
			outputPaths = (
				"$(DERIVED_FILE_DIR)/Pods-Acaid-checkManifestLockResult.txt",
			);
			runOnlyForDeploymentPostprocessing = 0;
			shellPath = /bin/sh;
			shellScript = "diff \"${PODS_PODFILE_DIR_PATH}/Podfile.lock\" \"${PODS_ROOT}/Manifest.lock\" > /dev/null\nif [ $? != 0 ] ; then\n    # print error to STDERR\n    echo \"error: The sandbox is not in sync with the Podfile.lock. Run 'pod install' or update your CocoaPods installation.\" >&2\n    exit 1\nfi\n# This output is used by Xcode 'outputs' to avoid re-running this script phase.\necho \"SUCCESS\" > \"${SCRIPT_OUTPUT_FILE_0}\"\n";
			showEnvVarsInLog = 0;
		};
		ECF62BCE2F27FE3C1542D641 /* [CP] Copy Pods Resources */ = {
			isa = PBXShellScriptBuildPhase;
			buildActionMask = 2147483647;
			files = (
			);
			inputPaths = (
			);
			name = "[CP] Copy Pods Resources";
			outputPaths = (
			);
			runOnlyForDeploymentPostprocessing = 0;
			shellPath = /bin/sh;
			shellScript = "\"${SRCROOT}/Pods/Target Support Files/Pods-AcaidUITests/Pods-AcaidUITests-resources.sh\"\n";
			showEnvVarsInLog = 0;
		};
/* End PBXShellScriptBuildPhase section */

/* Begin PBXSourcesBuildPhase section */
		EFFEE06B1F8BBA0500D4294A /* Sources */ = {
			isa = PBXSourcesBuildPhase;
			buildActionMask = 2147483647;
			files = (
				EF661B2B1FCC590900FE4D19 /* CreateSessionViewController.swift in Sources */,
				EF1EE42C1F8D006400F45A98 /* LoginViewController.swift in Sources */,
				EF58DEA61FD575AE00947DD6 /* CalendarViewController.swift in Sources */,
				EFFEE0751F8BBA0500D4294A /* ViewController.swift in Sources */,
				EF58DEAD1FD59DA100947DD6 /* BookCell.swift in Sources */,
				EFE8613A1FAB59ED00111FD2 /* PersonalProfileViewController.swift in Sources */,
				EFFEE0731F8BBA0500D4294A /* AppDelegate.swift in Sources */,
				EFE861381FAB59A100111FD2 /* ChatViewController.swift in Sources */,
				EF0F55F31FCD94360070260D /* SessionCell.swift in Sources */,
				EF58DEA41FD5759000947DD6 /* BookMarketViewController.swift in Sources */,
				EFE861321FA78BE100111FD2 /* TabBarController.swift in Sources */,
				EF0F55F11FCC6B700070260D /* Session.swift in Sources */,
				EF58DEAA1FD5962900947DD6 /* Book.swift in Sources */,
				EFB250BE1FB351C6002A8E5D /* FirstRegisterViewController.swift in Sources */,
				EFA184561FD027D7006525D9 /* Tutor.swift in Sources */,
				EF0F55EF1FCC6B5B0070260D /* User.swift in Sources */,
				EF1EE42F1F8D00A700F45A98 /* RegisterViewController.swift in Sources */,
				EF58DEA81FD586B000947DD6 /* CreateBookViewController.swift in Sources */,
				EFE8613D1FAC7A0F00111FD2 /* PresentingViewController.swift in Sources */,
				EFE861361FAB2BC000111FD2 /* DBService.swift in Sources */,
			);
			runOnlyForDeploymentPostprocessing = 0;
		};
		EFFEE07F1F8BBA0500D4294A /* Sources */ = {
			isa = PBXSourcesBuildPhase;
			buildActionMask = 2147483647;
			files = (
				EFFEE0881F8BBA0500D4294A /* AcaidTests.swift in Sources */,
			);
			runOnlyForDeploymentPostprocessing = 0;
		};
		EFFEE08A1F8BBA0500D4294A /* Sources */ = {
			isa = PBXSourcesBuildPhase;
			buildActionMask = 2147483647;
			files = (
				EFFEE0931F8BBA0500D4294A /* AcaidUITests.swift in Sources */,
			);
			runOnlyForDeploymentPostprocessing = 0;
		};
/* End PBXSourcesBuildPhase section */

/* Begin PBXTargetDependency section */
		EFFEE0851F8BBA0500D4294A /* PBXTargetDependency */ = {
			isa = PBXTargetDependency;
			target = EFFEE06E1F8BBA0500D4294A /* Acaid */;
			targetProxy = EFFEE0841F8BBA0500D4294A /* PBXContainerItemProxy */;
		};
		EFFEE0901F8BBA0500D4294A /* PBXTargetDependency */ = {
			isa = PBXTargetDependency;
			target = EFFEE06E1F8BBA0500D4294A /* Acaid */;
			targetProxy = EFFEE08F1F8BBA0500D4294A /* PBXContainerItemProxy */;
		};
/* End PBXTargetDependency section */

/* Begin PBXVariantGroup section */
		EFFEE07B1F8BBA0500D4294A /* LaunchScreen.storyboard */ = {
			isa = PBXVariantGroup;
			children = (
				EFFEE07C1F8BBA0500D4294A /* Base */,
			);
			name = LaunchScreen.storyboard;
			sourceTree = "<group>";
		};
/* End PBXVariantGroup section */

/* Begin XCBuildConfiguration section */
		EFFEE0951F8BBA0500D4294A /* Debug */ = {
			isa = XCBuildConfiguration;
			buildSettings = {
				ALWAYS_SEARCH_USER_PATHS = NO;
				CLANG_ANALYZER_NONNULL = YES;
				CLANG_ANALYZER_NUMBER_OBJECT_CONVERSION = YES_AGGRESSIVE;
				CLANG_CXX_LANGUAGE_STANDARD = "gnu++0x";
				CLANG_CXX_LIBRARY = "libc++";
				CLANG_ENABLE_MODULES = YES;
				CLANG_ENABLE_OBJC_ARC = YES;
				CLANG_WARN_BOOL_CONVERSION = YES;
				CLANG_WARN_CONSTANT_CONVERSION = YES;
				CLANG_WARN_DIRECT_OBJC_ISA_USAGE = YES_ERROR;
				CLANG_WARN_DOCUMENTATION_COMMENTS = YES;
				CLANG_WARN_EMPTY_BODY = YES;
				CLANG_WARN_ENUM_CONVERSION = YES;
				CLANG_WARN_INFINITE_RECURSION = YES;
				CLANG_WARN_INT_CONVERSION = YES;
				CLANG_WARN_OBJC_ROOT_CLASS = YES_ERROR;
				CLANG_WARN_SUSPICIOUS_MOVE = YES;
				CLANG_WARN_UNREACHABLE_CODE = YES;
				CLANG_WARN__DUPLICATE_METHOD_MATCH = YES;
				"CODE_SIGN_IDENTITY[sdk=iphoneos*]" = "iPhone Developer";
				COPY_PHASE_STRIP = NO;
				DEBUG_INFORMATION_FORMAT = dwarf;
				ENABLE_STRICT_OBJC_MSGSEND = YES;
				ENABLE_TESTABILITY = YES;
				GCC_C_LANGUAGE_STANDARD = gnu99;
				GCC_DYNAMIC_NO_PIC = NO;
				GCC_NO_COMMON_BLOCKS = YES;
				GCC_OPTIMIZATION_LEVEL = 0;
				GCC_PREPROCESSOR_DEFINITIONS = (
					"DEBUG=1",
					"$(inherited)",
				);
				GCC_WARN_64_TO_32_BIT_CONVERSION = YES;
				GCC_WARN_ABOUT_RETURN_TYPE = YES_ERROR;
				GCC_WARN_UNDECLARED_SELECTOR = YES;
				GCC_WARN_UNINITIALIZED_AUTOS = YES_AGGRESSIVE;
				GCC_WARN_UNUSED_FUNCTION = YES;
				GCC_WARN_UNUSED_VARIABLE = YES;
				IPHONEOS_DEPLOYMENT_TARGET = 10.3;
				MTL_ENABLE_DEBUG_INFO = YES;
				ONLY_ACTIVE_ARCH = YES;
				SDKROOT = iphoneos;
				SWIFT_ACTIVE_COMPILATION_CONDITIONS = DEBUG;
				SWIFT_OPTIMIZATION_LEVEL = "-Onone";
				TARGETED_DEVICE_FAMILY = "1,2";
			};
			name = Debug;
		};
		EFFEE0961F8BBA0500D4294A /* Release */ = {
			isa = XCBuildConfiguration;
			buildSettings = {
				ALWAYS_SEARCH_USER_PATHS = NO;
				CLANG_ANALYZER_NONNULL = YES;
				CLANG_ANALYZER_NUMBER_OBJECT_CONVERSION = YES_AGGRESSIVE;
				CLANG_CXX_LANGUAGE_STANDARD = "gnu++0x";
				CLANG_CXX_LIBRARY = "libc++";
				CLANG_ENABLE_MODULES = YES;
				CLANG_ENABLE_OBJC_ARC = YES;
				CLANG_WARN_BOOL_CONVERSION = YES;
				CLANG_WARN_CONSTANT_CONVERSION = YES;
				CLANG_WARN_DIRECT_OBJC_ISA_USAGE = YES_ERROR;
				CLANG_WARN_DOCUMENTATION_COMMENTS = YES;
				CLANG_WARN_EMPTY_BODY = YES;
				CLANG_WARN_ENUM_CONVERSION = YES;
				CLANG_WARN_INFINITE_RECURSION = YES;
				CLANG_WARN_INT_CONVERSION = YES;
				CLANG_WARN_OBJC_ROOT_CLASS = YES_ERROR;
				CLANG_WARN_SUSPICIOUS_MOVE = YES;
				CLANG_WARN_UNREACHABLE_CODE = YES;
				CLANG_WARN__DUPLICATE_METHOD_MATCH = YES;
				"CODE_SIGN_IDENTITY[sdk=iphoneos*]" = "iPhone Developer";
				COPY_PHASE_STRIP = NO;
				DEBUG_INFORMATION_FORMAT = "dwarf-with-dsym";
				ENABLE_NS_ASSERTIONS = NO;
				ENABLE_STRICT_OBJC_MSGSEND = YES;
				GCC_C_LANGUAGE_STANDARD = gnu99;
				GCC_NO_COMMON_BLOCKS = YES;
				GCC_WARN_64_TO_32_BIT_CONVERSION = YES;
				GCC_WARN_ABOUT_RETURN_TYPE = YES_ERROR;
				GCC_WARN_UNDECLARED_SELECTOR = YES;
				GCC_WARN_UNINITIALIZED_AUTOS = YES_AGGRESSIVE;
				GCC_WARN_UNUSED_FUNCTION = YES;
				GCC_WARN_UNUSED_VARIABLE = YES;
				IPHONEOS_DEPLOYMENT_TARGET = 10.3;
				MTL_ENABLE_DEBUG_INFO = NO;
				SDKROOT = iphoneos;
				SWIFT_OPTIMIZATION_LEVEL = "-Owholemodule";
				TARGETED_DEVICE_FAMILY = "1,2";
				VALIDATE_PRODUCT = YES;
			};
			name = Release;
		};
		EFFEE0981F8BBA0500D4294A /* Debug */ = {
			isa = XCBuildConfiguration;
			baseConfigurationReference = 2859C26B1D9FA6CAD1688329 /* Pods-Acaid.debug.xcconfig */;
			buildSettings = {
				ASSETCATALOG_COMPILER_APPICON_NAME = AppIcon;
				INFOPLIST_FILE = Acaid/Info.plist;
				LD_RUNPATH_SEARCH_PATHS = "$(inherited) @executable_path/Frameworks";
				PRODUCT_BUNDLE_IDENTIFIER = acaid.Acaid;
				PRODUCT_NAME = "$(TARGET_NAME)";
				SWIFT_VERSION = 3.0;
			};
			name = Debug;
		};
		EFFEE0991F8BBA0500D4294A /* Release */ = {
			isa = XCBuildConfiguration;
			baseConfigurationReference = FFB0911F24355AC0359E0797 /* Pods-Acaid.release.xcconfig */;
			buildSettings = {
				ASSETCATALOG_COMPILER_APPICON_NAME = AppIcon;
				INFOPLIST_FILE = Acaid/Info.plist;
				LD_RUNPATH_SEARCH_PATHS = "$(inherited) @executable_path/Frameworks";
				PRODUCT_BUNDLE_IDENTIFIER = acaid.Acaid;
				PRODUCT_NAME = "$(TARGET_NAME)";
				SWIFT_VERSION = 3.0;
			};
			name = Release;
		};
		EFFEE09B1F8BBA0500D4294A /* Debug */ = {
			isa = XCBuildConfiguration;
			baseConfigurationReference = F9C22B17B1D287999392C931 /* Pods-AcaidTests.debug.xcconfig */;
			buildSettings = {
				ALWAYS_EMBED_SWIFT_STANDARD_LIBRARIES = YES;
				BUNDLE_LOADER = "$(TEST_HOST)";
				INFOPLIST_FILE = AcaidTests/Info.plist;
				LD_RUNPATH_SEARCH_PATHS = "$(inherited) @executable_path/Frameworks @loader_path/Frameworks";
				PRODUCT_BUNDLE_IDENTIFIER = acaid.AcaidTests;
				PRODUCT_NAME = "$(TARGET_NAME)";
				SWIFT_VERSION = 3.0;
				TEST_HOST = "$(BUILT_PRODUCTS_DIR)/Acaid.app/Acaid";
			};
			name = Debug;
		};
		EFFEE09C1F8BBA0500D4294A /* Release */ = {
			isa = XCBuildConfiguration;
			baseConfigurationReference = 7DF66AEB490380DA345EFD42 /* Pods-AcaidTests.release.xcconfig */;
			buildSettings = {
				ALWAYS_EMBED_SWIFT_STANDARD_LIBRARIES = YES;
				BUNDLE_LOADER = "$(TEST_HOST)";
				INFOPLIST_FILE = AcaidTests/Info.plist;
				LD_RUNPATH_SEARCH_PATHS = "$(inherited) @executable_path/Frameworks @loader_path/Frameworks";
				PRODUCT_BUNDLE_IDENTIFIER = acaid.AcaidTests;
				PRODUCT_NAME = "$(TARGET_NAME)";
				SWIFT_VERSION = 3.0;
				TEST_HOST = "$(BUILT_PRODUCTS_DIR)/Acaid.app/Acaid";
			};
			name = Release;
		};
		EFFEE09E1F8BBA0500D4294A /* Debug */ = {
			isa = XCBuildConfiguration;
			baseConfigurationReference = EB713C5A00F8B958BE8E8BFE /* Pods-AcaidUITests.debug.xcconfig */;
			buildSettings = {
				ALWAYS_EMBED_SWIFT_STANDARD_LIBRARIES = YES;
				INFOPLIST_FILE = AcaidUITests/Info.plist;
				LD_RUNPATH_SEARCH_PATHS = "$(inherited) @executable_path/Frameworks @loader_path/Frameworks";
				PRODUCT_BUNDLE_IDENTIFIER = acaid.AcaidUITests;
				PRODUCT_NAME = "$(TARGET_NAME)";
				SWIFT_VERSION = 3.0;
				TEST_TARGET_NAME = Acaid;
			};
			name = Debug;
		};
		EFFEE09F1F8BBA0500D4294A /* Release */ = {
			isa = XCBuildConfiguration;
			baseConfigurationReference = CB9C604303DDE3DD89062845 /* Pods-AcaidUITests.release.xcconfig */;
			buildSettings = {
				ALWAYS_EMBED_SWIFT_STANDARD_LIBRARIES = YES;
				INFOPLIST_FILE = AcaidUITests/Info.plist;
				LD_RUNPATH_SEARCH_PATHS = "$(inherited) @executable_path/Frameworks @loader_path/Frameworks";
				PRODUCT_BUNDLE_IDENTIFIER = acaid.AcaidUITests;
				PRODUCT_NAME = "$(TARGET_NAME)";
				SWIFT_VERSION = 3.0;
				TEST_TARGET_NAME = Acaid;
			};
			name = Release;
		};
/* End XCBuildConfiguration section */

/* Begin XCConfigurationList section */
		EFFEE06A1F8BBA0500D4294A /* Build configuration list for PBXProject "Acaid" */ = {
			isa = XCConfigurationList;
			buildConfigurations = (
				EFFEE0951F8BBA0500D4294A /* Debug */,
				EFFEE0961F8BBA0500D4294A /* Release */,
			);
			defaultConfigurationIsVisible = 0;
			defaultConfigurationName = Release;
		};
		EFFEE0971F8BBA0500D4294A /* Build configuration list for PBXNativeTarget "Acaid" */ = {
			isa = XCConfigurationList;
			buildConfigurations = (
				EFFEE0981F8BBA0500D4294A /* Debug */,
				EFFEE0991F8BBA0500D4294A /* Release */,
			);
			defaultConfigurationIsVisible = 0;
			defaultConfigurationName = Release;
		};
		EFFEE09A1F8BBA0500D4294A /* Build configuration list for PBXNativeTarget "AcaidTests" */ = {
			isa = XCConfigurationList;
			buildConfigurations = (
				EFFEE09B1F8BBA0500D4294A /* Debug */,
				EFFEE09C1F8BBA0500D4294A /* Release */,
			);
			defaultConfigurationIsVisible = 0;
			defaultConfigurationName = Release;
		};
		EFFEE09D1F8BBA0500D4294A /* Build configuration list for PBXNativeTarget "AcaidUITests" */ = {
			isa = XCConfigurationList;
			buildConfigurations = (
				EFFEE09E1F8BBA0500D4294A /* Debug */,
				EFFEE09F1F8BBA0500D4294A /* Release */,
			);
			defaultConfigurationIsVisible = 0;
			defaultConfigurationName = Release;
		};
/* End XCConfigurationList section */
	};
	rootObject = EFFEE0671F8BBA0500D4294A /* Project object */;
}
